// !$*UTF8*$!
{
	archiveVersion = 1;
	classes = {
	};
	objectVersion = 51;
	objects = {

/* Begin PBXBuildFile section */
		46F72F0984DDCD57C274D002 /* Pods_Register.framework in Frameworks */ = {isa = PBXBuildFile; fileRef = 5A69EF50FC9D063356609D0F /* Pods_Register.framework */; };
		D60166D52434782200584D08 /* AppDelegate.swift in Sources */ = {isa = PBXBuildFile; fileRef = D60166D42434782200584D08 /* AppDelegate.swift */; };
		D60166D72434782200584D08 /* SceneDelegate.swift in Sources */ = {isa = PBXBuildFile; fileRef = D60166D62434782200584D08 /* SceneDelegate.swift */; };
		D60166D92434782200584D08 /* HomeViewController.swift in Sources */ = {isa = PBXBuildFile; fileRef = D60166D82434782200584D08 /* HomeViewController.swift */; };
		D60166DC2434782200584D08 /* Main.storyboard in Resources */ = {isa = PBXBuildFile; fileRef = D60166DA2434782200584D08 /* Main.storyboard */; };
		D60166DE2434782500584D08 /* Assets.xcassets in Resources */ = {isa = PBXBuildFile; fileRef = D60166DD2434782500584D08 /* Assets.xcassets */; };
		D60166E12434782500584D08 /* LaunchScreen.storyboard in Resources */ = {isa = PBXBuildFile; fileRef = D60166DF2434782500584D08 /* LaunchScreen.storyboard */; };
		D60166E92434A75600584D08 /* RegistrationViewController.swift in Sources */ = {isa = PBXBuildFile; fileRef = D60166E82434A75600584D08 /* RegistrationViewController.swift */; };
		D6C66674243539B4002C01E3 /* RegisterViewController.swift in Sources */ = {isa = PBXBuildFile; fileRef = D6C66673243539B4002C01E3 /* RegisterViewController.swift */; };
		D6C6667624353BE3002C01E3 /* TableViewCell.swift in Sources */ = {isa = PBXBuildFile; fileRef = D6C6667524353BE3002C01E3 /* TableViewCell.swift */; };
		D6D89FC12434EF8D00EAD297 /* DataModel.swift in Sources */ = {isa = PBXBuildFile; fileRef = D6D89FC02434EF8D00EAD297 /* DataModel.swift */; };
/* End PBXBuildFile section */

/* Begin PBXFileReference section */
		252A5FA300B7B7D11BFC9E6E /* Pods-Register.debug.xcconfig */ = {isa = PBXFileReference; includeInIndex = 1; lastKnownFileType = text.xcconfig; name = "Pods-Register.debug.xcconfig"; path = "Target Support Files/Pods-Register/Pods-Register.debug.xcconfig"; sourceTree = "<group>"; };
		5A69EF50FC9D063356609D0F /* Pods_Register.framework */ = {isa = PBXFileReference; explicitFileType = wrapper.framework; includeInIndex = 0; path = Pods_Register.framework; sourceTree = BUILT_PRODUCTS_DIR; };
		B49442DBA2BFFEFC0F809D84 /* Pods-Register.release.xcconfig */ = {isa = PBXFileReference; includeInIndex = 1; lastKnownFileType = text.xcconfig; name = "Pods-Register.release.xcconfig"; path = "Target Support Files/Pods-Register/Pods-Register.release.xcconfig"; sourceTree = "<group>"; };
		D60166D12434782200584D08 /* Register.app */ = {isa = PBXFileReference; explicitFileType = wrapper.application; includeInIndex = 0; path = Register.app; sourceTree = BUILT_PRODUCTS_DIR; };
		D60166D42434782200584D08 /* AppDelegate.swift */ = {isa = PBXFileReference; lastKnownFileType = sourcecode.swift; path = AppDelegate.swift; sourceTree = "<group>"; };
		D60166D62434782200584D08 /* SceneDelegate.swift */ = {isa = PBXFileReference; lastKnownFileType = sourcecode.swift; path = SceneDelegate.swift; sourceTree = "<group>"; };
		D60166D82434782200584D08 /* HomeViewController.swift */ = {isa = PBXFileReference; lastKnownFileType = sourcecode.swift; path = HomeViewController.swift; sourceTree = "<group>"; };
		D60166DB2434782200584D08 /* Base */ = {isa = PBXFileReference; lastKnownFileType = file.storyboard; name = Base; path = Base.lproj/Main.storyboard; sourceTree = "<group>"; };
		D60166DD2434782500584D08 /* Assets.xcassets */ = {isa = PBXFileReference; lastKnownFileType = folder.assetcatalog; path = Assets.xcassets; sourceTree = "<group>"; };
		D60166E02434782500584D08 /* Base */ = {isa = PBXFileReference; lastKnownFileType = file.storyboard; name = Base; path = Base.lproj/LaunchScreen.storyboard; sourceTree = "<group>"; };
		D60166E22434782500584D08 /* Info.plist */ = {isa = PBXFileReference; lastKnownFileType = text.plist.xml; path = Info.plist; sourceTree = "<group>"; };
		D60166E82434A75600584D08 /* RegistrationViewController.swift */ = {isa = PBXFileReference; lastKnownFileType = sourcecode.swift; path = RegistrationViewController.swift; sourceTree = "<group>"; };
		D6C66673243539B4002C01E3 /* RegisterViewController.swift */ = {isa = PBXFileReference; lastKnownFileType = sourcecode.swift; path = RegisterViewController.swift; sourceTree = "<group>"; };
		D6C6667524353BE3002C01E3 /* TableViewCell.swift */ = {isa = PBXFileReference; lastKnownFileType = sourcecode.swift; path = TableViewCell.swift; sourceTree = "<group>"; };
		D6D89FC02434EF8D00EAD297 /* DataModel.swift */ = {isa = PBXFileReference; lastKnownFileType = sourcecode.swift; path = DataModel.swift; sourceTree = "<group>"; };
/* End PBXFileReference section */

/* Begin PBXFrameworksBuildPhase section */
		D60166CE2434782200584D08 /* Frameworks */ = {
			isa = PBXFrameworksBuildPhase;
			buildActionMask = 2147483647;
			files = (
				46F72F0984DDCD57C274D002 /* Pods_Register.framework in Frameworks */,
			);
			runOnlyForDeploymentPostprocessing = 0;
		};
/* End PBXFrameworksBuildPhase section */

/* Begin PBXGroup section */
		2643C470667E49BE3CBE9D1B /* Pods */ = {
			isa = PBXGroup;
			children = (
				252A5FA300B7B7D11BFC9E6E /* Pods-Register.debug.xcconfig */,
				B49442DBA2BFFEFC0F809D84 /* Pods-Register.release.xcconfig */,
			);
			path = Pods;
			sourceTree = "<group>";
		};
		B263F38E2C0FE93EBF22836B /* Frameworks */ = {
			isa = PBXGroup;
			children = (
				5A69EF50FC9D063356609D0F /* Pods_Register.framework */,
			);
			name = Frameworks;
			sourceTree = "<group>";
		};
		D60166C82434782200584D08 = {
			isa = PBXGroup;
			children = (
				D60166D32434782200584D08 /* Register */,
				D60166D22434782200584D08 /* Products */,
				2643C470667E49BE3CBE9D1B /* Pods */,
				B263F38E2C0FE93EBF22836B /* Frameworks */,
			);
			sourceTree = "<group>";
		};
		D60166D22434782200584D08 /* Products */ = {
			isa = PBXGroup;
			children = (
				D60166D12434782200584D08 /* Register.app */,
			);
			name = Products;
			sourceTree = "<group>";
		};
		D60166D32434782200584D08 /* Register */ = {
			isa = PBXGroup;
			children = (
				D6C6666E24353887002C01E3 /* model */,
				D6C666702435389B002C01E3 /* controller */,
				D6C6666F24353893002C01E3 /* view */,
				D60166DD2434782500584D08 /* Assets.xcassets */,
				D60166E22434782500584D08 /* Info.plist */,
			);
			path = Register;
			sourceTree = "<group>";
		};
		D6C6666E24353887002C01E3 /* model */ = {
			isa = PBXGroup;
			children = (
				D6D89FC02434EF8D00EAD297 /* DataModel.swift */,
				D6C6667524353BE3002C01E3 /* TableViewCell.swift */,
			);
			path = model;
			sourceTree = "<group>";
		};
		D6C6666F24353893002C01E3 /* view */ = {
			isa = PBXGroup;
			children = (
				D60166DA2434782200584D08 /* Main.storyboard */,
				D60166DF2434782500584D08 /* LaunchScreen.storyboard */,
			);
			path = view;
			sourceTree = "<group>";
		};
		D6C666702435389B002C01E3 /* controller */ = {
			isa = PBXGroup;
			children = (
				D60166D42434782200584D08 /* AppDelegate.swift */,
				D60166D62434782200584D08 /* SceneDelegate.swift */,
				D60166D82434782200584D08 /* HomeViewController.swift */,
				D60166E82434A75600584D08 /* RegistrationViewController.swift */,
				D6C66673243539B4002C01E3 /* RegisterViewController.swift */,
			);
			path = controller;
			sourceTree = "<group>";
		};
/* End PBXGroup section */

/* Begin PBXNativeTarget section */
		D60166D02434782200584D08 /* Register */ = {
			isa = PBXNativeTarget;
			buildConfigurationList = D60166E52434782500584D08 /* Build configuration list for PBXNativeTarget "Register" */;
			buildPhases = (
				DE440ABF3C514A0FFDA71CCD /* [CP] Check Pods Manifest.lock */,
				D60166CD2434782200584D08 /* Sources */,
				D60166CE2434782200584D08 /* Frameworks */,
				D60166CF2434782200584D08 /* Resources */,
				75E1C73D72C1E42DAE9557BA /* [CP] Embed Pods Frameworks */,
			);
			buildRules = (
			);
			dependencies = (
			);
			name = Register;
			productName = Register;
			productReference = D60166D12434782200584D08 /* Register.app */;
			productType = "com.apple.product-type.application";
		};
/* End PBXNativeTarget section */

/* Begin PBXProject section */
		D60166C92434782200584D08 /* Project object */ = {
			isa = PBXProject;
			attributes = {
				LastSwiftUpdateCheck = 1110;
				LastUpgradeCheck = 1110;
				ORGANIZATIONNAME = "Sambit Das";
				TargetAttributes = {
					D60166D02434782200584D08 = {
						CreatedOnToolsVersion = 11.1;
					};
				};
			};
			buildConfigurationList = D60166CC2434782200584D08 /* Build configuration list for PBXProject "Register" */;
			compatibilityVersion = "Xcode 9.3";
			developmentRegion = en;
			hasScannedForEncodings = 0;
			knownRegions = (
				en,
				Base,
			);
			mainGroup = D60166C82434782200584D08;
			productRefGroup = D60166D22434782200584D08 /* Products */;
			projectDirPath = "";
			projectRoot = "";
			targets = (
				D60166D02434782200584D08 /* Register */,
			);
		};
/* End PBXProject section */

/* Begin PBXResourcesBuildPhase section */
		D60166CF2434782200584D08 /* Resources */ = {
			isa = PBXResourcesBuildPhase;
			buildActionMask = 2147483647;
			files = (
				D60166E12434782500584D08 /* LaunchScreen.storyboard in Resources */,
				D60166DE2434782500584D08 /* Assets.xcassets in Resources */,
				D60166DC2434782200584D08 /* Main.storyboard in Resources */,
			);
			runOnlyForDeploymentPostprocessing = 0;
		};
/* End PBXResourcesBuildPhase section */

/* Begin PBXShellScriptBuildPhase section */
		75E1C73D72C1E42DAE9557BA /* [CP] Embed Pods Frameworks */ = {
			isa = PBXShellScriptBuildPhase;
			buildActionMask = 2147483647;
			files = (
			);
			inputFileListPaths = (
				"${PODS_ROOT}/Target Support Files/Pods-Register/Pods-Register-frameworks-${CONFIGURATION}-input-files.xcfilelist",
			);
			name = "[CP] Embed Pods Frameworks";
			outputFileListPaths = (
				"${PODS_ROOT}/Target Support Files/Pods-Register/Pods-Register-frameworks-${CONFIGURATION}-output-files.xcfilelist",
			);
			runOnlyForDeploymentPostprocessing = 0;
			shellPath = /bin/sh;
			shellScript = "\"${PODS_ROOT}/Target Support Files/Pods-Register/Pods-Register-frameworks.sh\"\n";
			showEnvVarsInLog = 0;
		};
		DE440ABF3C514A0FFDA71CCD /* [CP] Check Pods Manifest.lock */ = {
			isa = PBXShellScriptBuildPhase;
			buildActionMask = 2147483647;
			files = (
			);
			inputFileListPaths = (
			);
			inputPaths = (
				"${PODS_PODFILE_DIR_PATH}/Podfile.lock",
				"${PODS_ROOT}/Manifest.lock",
			);
			name = "[CP] Check Pods Manifest.lock";
			outputFileListPaths = (
			);
			outputPaths = (
				"$(DERIVED_FILE_DIR)/Pods-Register-checkManifestLockResult.txt",
			);
			runOnlyForDeploymentPostprocessing = 0;
			shellPath = /bin/sh;
			shellScript = "diff \"${PODS_PODFILE_DIR_PATH}/Podfile.lock\" \"${PODS_ROOT}/Manifest.lock\" > /dev/null\nif [ $? != 0 ] ; then\n    # print error to STDERR\n    echo \"error: The sandbox is not in sync with the Podfile.lock. Run 'pod install' or update your CocoaPods installation.\" >&2\n    exit 1\nfi\n# This output is used by Xcode 'outputs' to avoid re-running this script phase.\necho \"SUCCESS\" > \"${SCRIPT_OUTPUT_FILE_0}\"\n";
			showEnvVarsInLog = 0;
		};
/* End PBXShellScriptBuildPhase section */

/* Begin PBXSourcesBuildPhase section */
		D60166CD2434782200584D08 /* Sources */ = {
			isa = PBXSourcesBuildPhase;
			buildActionMask = 2147483647;
			files = (
				D6D89FC12434EF8D00EAD297 /* DataModel.swift in Sources */,
				D60166D92434782200584D08 /* HomeViewController.swift in Sources */,
				D60166D52434782200584D08 /* AppDelegate.swift in Sources */,
				D6C66674243539B4002C01E3 /* RegisterViewController.swift in Sources */,
				D60166E92434A75600584D08 /* RegistrationViewController.swift in Sources */,
				D6C6667624353BE3002C01E3 /* TableViewCell.swift in Sources */,
				D60166D72434782200584D08 /* SceneDelegate.swift in Sources */,
			);
			runOnlyForDeploymentPostprocessing = 0;
		};
/* End PBXSourcesBuildPhase section */

/* Begin PBXVariantGroup section */
		D60166DA2434782200584D08 /* Main.storyboard */ = {
			isa = PBXVariantGroup;
			children = (
				D60166DB2434782200584D08 /* Base */,
			);
			name = Main.storyboard;
			sourceTree = "<group>";
		};
		D60166DF2434782500584D08 /* LaunchScreen.storyboard */ = {
			isa = PBXVariantGroup;
			children = (
				D60166E02434782500584D08 /* Base */,
			);
			name = LaunchScreen.storyboard;
			sourceTree = "<group>";
		};
/* End PBXVariantGroup section */

/* Begin XCBuildConfiguration section */
		D60166E32434782500584D08 /* Debug */ = {
			isa = XCBuildConfiguration;
			buildSettings = {
				ALWAYS_SEARCH_USER_PATHS = NO;
				CLANG_ANALYZER_NONNULL = YES;
				CLANG_ANALYZER_NUMBER_OBJECT_CONVERSION = YES_AGGRESSIVE;
				CLANG_CXX_LANGUAGE_STANDARD = "gnu++14";
				CLANG_CXX_LIBRARY = "libc++";
				CLANG_ENABLE_MODULES = YES;
				CLANG_ENABLE_OBJC_ARC = YES;
				CLANG_ENABLE_OBJC_WEAK = YES;
				CLANG_WARN_BLOCK_CAPTURE_AUTORELEASING = YES;
				CLANG_WARN_BOOL_CONVERSION = YES;
				CLANG_WARN_COMMA = YES;
				CLANG_WARN_CONSTANT_CONVERSION = YES;
				CLANG_WARN_DEPRECATED_OBJC_IMPLEMENTATIONS = YES;
				CLANG_WARN_DIRECT_OBJC_ISA_USAGE = YES_ERROR;
				CLANG_WARN_DOCUMENTATION_COMMENTS = YES;
				CLANG_WARN_EMPTY_BODY = YES;
				CLANG_WARN_ENUM_CONVERSION = YES;
				CLANG_WARN_INFINITE_RECURSION = YES;
				CLANG_WARN_INT_CONVERSION = YES;
				CLANG_WARN_NON_LITERAL_NULL_CONVERSION = YES;
				CLANG_WARN_OBJC_IMPLICIT_RETAIN_SELF = YES;
				CLANG_WARN_OBJC_LITERAL_CONVERSION = YES;
				CLANG_WARN_OBJC_ROOT_CLASS = YES_ERROR;
				CLANG_WARN_RANGE_LOOP_ANALYSIS = YES;
				CLANG_WARN_STRICT_PROTOTYPES = YES;
				CLANG_WARN_SUSPICIOUS_MOVE = YES;
				CLANG_WARN_UNGUARDED_AVAILABILITY = YES_AGGRESSIVE;
				CLANG_WARN_UNREACHABLE_CODE = YES;
				CLANG_WARN__DUPLICATE_METHOD_MATCH = YES;
				COPY_PHASE_STRIP = NO;
				DEBUG_INFORMATION_FORMAT = dwarf;
				ENABLE_STRICT_OBJC_MSGSEND = YES;
				ENABLE_TESTABILITY = YES;
				GCC_C_LANGUAGE_STANDARD = gnu11;
				GCC_DYNAMIC_NO_PIC = NO;
				GCC_NO_COMMON_BLOCKS = YES;
				GCC_OPTIMIZATION_LEVEL = 0;
				GCC_PREPROCESSOR_DEFINITIONS = (
					"DEBUG=1",
					"$(inherited)",
				);
				GCC_WARN_64_TO_32_BIT_CONVERSION = YES;
				GCC_WARN_ABOUT_RETURN_TYPE = YES_ERROR;
				GCC_WARN_UNDECLARED_SELECTOR = YES;
				GCC_WARN_UNINITIALIZED_AUTOS = YES_AGGRESSIVE;
				GCC_WARN_UNUSED_FUNCTION = YES;
				GCC_WARN_UNUSED_VARIABLE = YES;
				IPHONEOS_DEPLOYMENT_TARGET = 13.1;
				MTL_ENABLE_DEBUG_INFO = INCLUDE_SOURCE;
				MTL_FAST_MATH = YES;
				ONLY_ACTIVE_ARCH = YES;
				SDKROOT = iphoneos;
				SWIFT_ACTIVE_COMPILATION_CONDITIONS = DEBUG;
				SWIFT_OPTIMIZATION_LEVEL = "-Onone";
			};
			name = Debug;
		};
		D60166E42434782500584D08 /* Release */ = {
			isa = XCBuildConfiguration;
			buildSettings = {
				ALWAYS_SEARCH_USER_PATHS = NO;
				CLANG_ANALYZER_NONNULL = YES;
				CLANG_ANALYZER_NUMBER_OBJECT_CONVERSION = YES_AGGRESSIVE;
				CLANG_CXX_LANGUAGE_STANDARD = "gnu++14";
				CLANG_CXX_LIBRARY = "libc++";
				CLANG_ENABLE_MODULES = YES;
				CLANG_ENABLE_OBJC_ARC = YES;
				CLANG_ENABLE_OBJC_WEAK = YES;
				CLANG_WARN_BLOCK_CAPTURE_AUTORELEASING = YES;
				CLANG_WARN_BOOL_CONVERSION = YES;
				CLANG_WARN_COMMA = YES;
				CLANG_WARN_CONSTANT_CONVERSION = YES;
				CLANG_WARN_DEPRECATED_OBJC_IMPLEMENTATIONS = YES;
				CLANG_WARN_DIRECT_OBJC_ISA_USAGE = YES_ERROR;
				CLANG_WARN_DOCUMENTATION_COMMENTS = YES;
				CLANG_WARN_EMPTY_BODY = YES;
				CLANG_WARN_ENUM_CONVERSION = YES;
				CLANG_WARN_INFINITE_RECURSION = YES;
				CLANG_WARN_INT_CONVERSION = YES;
				CLANG_WARN_NON_LITERAL_NULL_CONVERSION = YES;
				CLANG_WARN_OBJC_IMPLICIT_RETAIN_SELF = YES;
				CLANG_WARN_OBJC_LITERAL_CONVERSION = YES;
				CLANG_WARN_OBJC_ROOT_CLASS = YES_ERROR;
				CLANG_WARN_RANGE_LOOP_ANALYSIS = YES;
				CLANG_WARN_STRICT_PROTOTYPES = YES;
				CLANG_WARN_SUSPICIOUS_MOVE = YES;
				CLANG_WARN_UNGUARDED_AVAILABILITY = YES_AGGRESSIVE;
				CLANG_WARN_UNREACHABLE_CODE = YES;
				CLANG_WARN__DUPLICATE_METHOD_MATCH = YES;
				COPY_PHASE_STRIP = NO;
				DEBUG_INFORMATION_FORMAT = "dwarf-with-dsym";
				ENABLE_NS_ASSERTIONS = NO;
				ENABLE_STRICT_OBJC_MSGSEND = YES;
				GCC_C_LANGUAGE_STANDARD = gnu11;
				GCC_NO_COMMON_BLOCKS = YES;
				GCC_WARN_64_TO_32_BIT_CONVERSION = YES;
				GCC_WARN_ABOUT_RETURN_TYPE = YES_ERROR;
				GCC_WARN_UNDECLARED_SELECTOR = YES;
				GCC_WARN_UNINITIALIZED_AUTOS = YES_AGGRESSIVE;
				GCC_WARN_UNUSED_FUNCTION = YES;
				GCC_WARN_UNUSED_VARIABLE = YES;
				IPHONEOS_DEPLOYMENT_TARGET = 13.1;
				MTL_ENABLE_DEBUG_INFO = NO;
				MTL_FAST_MATH = YES;
				SDKROOT = iphoneos;
				SWIFT_COMPILATION_MODE = wholemodule;
				SWIFT_OPTIMIZATION_LEVEL = "-O";
				VALIDATE_PRODUCT = YES;
			};
			name = Release;
		};
		D60166E62434782500584D08 /* Debug */ = {
			isa = XCBuildConfiguration;
			baseConfigurationReference = 252A5FA300B7B7D11BFC9E6E /* Pods-Register.debug.xcconfig */;
			buildSettings = {
				ASSETCATALOG_COMPILER_APPICON_NAME = AppIcon;
				CODE_SIGN_STYLE = Automatic;
				DEVELOPMENT_TEAM = KFFGWW94BP;
				INFOPLIST_FILE = Register/Info.plist;
				LD_RUNPATH_SEARCH_PATHS = (
					"$(inherited)",
					"@executable_path/Frameworks",
				);
				PRODUCT_BUNDLE_IDENTIFIER = das.sambit.Register;
				PRODUCT_NAME = "$(TARGET_NAME)";
				SWIFT_VERSION = 5.0;
				TARGETED_DEVICE_FAMILY = "1,2";
			};
			name = Debug;
		};
		D60166E72434782500584D08 /* Release */ = {
			isa = XCBuildConfiguration;
			baseConfigurationReference = B49442DBA2BFFEFC0F809D84 /* Pods-Register.release.xcconfig */;
			buildSettings = {
				ASSETCATALOG_COMPILER_APPICON_NAME = AppIcon;
				CODE_SIGN_STYLE = Automatic;
				DEVELOPMENT_TEAM = KFFGWW94BP;
				INFOPLIST_FILE = Register/Info.plist;
				LD_RUNPATH_SEARCH_PATHS = (
					"$(inherited)",
					"@executable_path/Frameworks",
				);
				PRODUCT_BUNDLE_IDENTIFIER = das.sambit.Register;
				PRODUCT_NAME = "$(TARGET_NAME)";
				SWIFT_VERSION = 5.0;
				TARGETED_DEVICE_FAMILY = "1,2";
			};
			name = Release;
		};
/* End XCBuildConfiguration section */

/* Begin XCConfigurationList section */
		D60166CC2434782200584D08 /* Build configuration list for PBXProject "Register" */ = {
			isa = XCConfigurationList;
			buildConfigurations = (
				D60166E32434782500584D08 /* Debug */,
				D60166E42434782500584D08 /* Release */,
			);
			defaultConfigurationIsVisible = 0;
			defaultConfigurationName = Release;
		};
		D60166E52434782500584D08 /* Build configuration list for PBXNativeTarget "Register" */ = {
			isa = XCConfigurationList;
			buildConfigurations = (
				D60166E62434782500584D08 /* Debug */,
				D60166E72434782500584D08 /* Release */,
			);
			defaultConfigurationIsVisible = 0;
			defaultConfigurationName = Release;
		};
/* End XCConfigurationList section */
	};
	rootObject = D60166C92434782200584D08 /* Project object */;
}
